// !$*UTF8*$!
{
	archiveVersion = 1;
	classes = {
	};
	objectVersion = 56;
	objects = {

/* Begin PBXBuildFile section */
		8A1BF01A2CA8F3C60011F381 /* APIServices.swift in Sources */ = {isa = PBXBuildFile; fileRef = 8A1BF0192CA8F3C60011F381 /* APIServices.swift */; };
		8A1BF01D2CA8F4060011F381 /* Alamofire in Frameworks */ = {isa = PBXBuildFile; productRef = 8A1BF01C2CA8F4060011F381 /* Alamofire */; };
		8A5775362CA4889600EB22E6 /* AppDelegate.swift in Sources */ = {isa = PBXBuildFile; fileRef = 8A5775352CA4889600EB22E6 /* AppDelegate.swift */; };
		8A5775382CA4889600EB22E6 /* SceneDelegate.swift in Sources */ = {isa = PBXBuildFile; fileRef = 8A5775372CA4889600EB22E6 /* SceneDelegate.swift */; };
		8A57753A2CA4889600EB22E6 /* LoginVC.swift in Sources */ = {isa = PBXBuildFile; fileRef = 8A5775392CA4889600EB22E6 /* LoginVC.swift */; };
		8A57753D2CA4889600EB22E6 /* Base in Resources */ = {isa = PBXBuildFile; fileRef = 8A57753C2CA4889600EB22E6 /* Base */; };
		8A57753F2CA4889700EB22E6 /* Assets.xcassets in Resources */ = {isa = PBXBuildFile; fileRef = 8A57753E2CA4889700EB22E6 /* Assets.xcassets */; };
		8A5775422CA4889700EB22E6 /* Base in Resources */ = {isa = PBXBuildFile; fileRef = 8A5775412CA4889700EB22E6 /* Base */; };
		8A57754D2CA4889700EB22E6 /* denemeTests.swift in Sources */ = {isa = PBXBuildFile; fileRef = 8A57754C2CA4889700EB22E6 /* denemeTests.swift */; };
		8A5775572CA4889700EB22E6 /* denemeUITests.swift in Sources */ = {isa = PBXBuildFile; fileRef = 8A5775562CA4889700EB22E6 /* denemeUITests.swift */; };
		8A5775592CA4889700EB22E6 /* denemeUITestsLaunchTests.swift in Sources */ = {isa = PBXBuildFile; fileRef = 8A5775582CA4889700EB22E6 /* denemeUITestsLaunchTests.swift */; };
		8A8D3FA52CBEDEA200074896 /* CoffeeDailyStatusView.swift in Sources */ = {isa = PBXBuildFile; fileRef = 8A8D3FA42CBEDEA200074896 /* CoffeeDailyStatusView.swift */; };
		8ABDF3A92CC26F8000404799 /* MoodSelectionView.swift in Sources */ = {isa = PBXBuildFile; fileRef = 8ABDF3A82CC26F8000404799 /* MoodSelectionView.swift */; };
		8AC200662CB9177B00F4C8ED /* MoodViewController.swift in Sources */ = {isa = PBXBuildFile; fileRef = 8AE256682CB7DC4D00A77FF6 /* MoodViewController.swift */; };
		8AC200682CB91E8D00F4C8ED /* CoffeePicker.swift in Sources */ = {isa = PBXBuildFile; fileRef = 8AC200672CB91E8D00F4C8ED /* CoffeePicker.swift */; };
		8AC2FA012CC38D27006291A5 /* AnalysisDetailVC.swift in Sources */ = {isa = PBXBuildFile; fileRef = 8AC2FA002CC38D27006291A5 /* AnalysisDetailVC.swift */; };
		8AC2FA032CC3C17B006291A5 /* SortByView.swift in Sources */ = {isa = PBXBuildFile; fileRef = 8AC2FA022CC3C17B006291A5 /* SortByView.swift */; };
		8AC2FA072CC3D7E3006291A5 /* CoffeeAnalysisDetailTableView.swift in Sources */ = {isa = PBXBuildFile; fileRef = 8AC2FA062CC3D7E3006291A5 /* CoffeeAnalysisDetailTableView.swift */; };
		8AC2FA0A2CC3D864006291A5 /* CoffeeAnalysisDetailCell.swift in Sources */ = {isa = PBXBuildFile; fileRef = 8AC2FA092CC3D864006291A5 /* CoffeeAnalysisDetailCell.swift */; };
		8AC9BFA72CBF462D00D4992A /* MoodStatusView.swift in Sources */ = {isa = PBXBuildFile; fileRef = 8AC9BFA62CBF462D00D4992A /* MoodStatusView.swift */; };
		8AD0464E2CB1817D00A1D1CF /* SecurityViewController.swift in Sources */ = {isa = PBXBuildFile; fileRef = 8AD0464D2CB1817D00A1D1CF /* SecurityViewController.swift */; };
		8AD3435B2CBF9A2C00883493 /* MomentStatusView.swift in Sources */ = {isa = PBXBuildFile; fileRef = 8AD3435A2CBF9A2C00883493 /* MomentStatusView.swift */; };
		8AD3435D2CBFA78200883493 /* CoffeeStatusView.swift in Sources */ = {isa = PBXBuildFile; fileRef = 8AD3435C2CBFA78200883493 /* CoffeeStatusView.swift */; };
		8AD3435F2CBFAA2E00883493 /* CoffeeStatusByMood.swift in Sources */ = {isa = PBXBuildFile; fileRef = 8AD3435E2CBFAA2E00883493 /* CoffeeStatusByMood.swift */; };
		8AD3E1CC2CAF6ED0006E54F9 /* DiaryEntryCell.swift in Sources */ = {isa = PBXBuildFile; fileRef = 8AD3E1CB2CAF6ED0006E54F9 /* DiaryEntryCell.swift */; };
		8AD4780F2CC4ED16008ECCB2 /* CustomTabBar.swift in Sources */ = {isa = PBXBuildFile; fileRef = 8AD4780E2CC4ED16008ECCB2 /* CustomTabBar.swift */; };
		8AD478112CC4ED3B008ECCB2 /* CustomTabBarController.swift in Sources */ = {isa = PBXBuildFile; fileRef = 8AD478102CC4ED3B008ECCB2 /* CustomTabBarController.swift */; };
		8AD478132CC4F25C008ECCB2 /* StoreVC.swift in Sources */ = {isa = PBXBuildFile; fileRef = 8AD478122CC4F25C008ECCB2 /* StoreVC.swift */; };
		8AD478152CC4F28F008ECCB2 /* ProfileVC.swift in Sources */ = {isa = PBXBuildFile; fileRef = 8AD478142CC4F28F008ECCB2 /* ProfileVC.swift */; };
		8AD6AE4A2CBBFC08000D0BEF /* AnalysisVC.swift in Sources */ = {isa = PBXBuildFile; fileRef = 8AD6AE492CBBFC08000D0BEF /* AnalysisVC.swift */; };
		8AD6AE4D2CBC06FC000D0BEF /* Charts.framework in Frameworks */ = {isa = PBXBuildFile; fileRef = 8AD6AE4B2CBC069E000D0BEF /* Charts.framework */; };
		8AD827822CB4BFAE00853B6F /* AniKayitlariGosterQuery.swift in Sources */ = {isa = PBXBuildFile; fileRef = 8AD827812CB4BFAE00853B6F /* AniKayitlariGosterQuery.swift */; };
		8AD827842CB4C06000853B6F /* AniKayitlariGosterResponse.swift in Sources */ = {isa = PBXBuildFile; fileRef = 8AD827832CB4C06000853B6F /* AniKayitlariGosterResponse.swift */; };
		8AD827862CB4C2C800853B6F /* AniKayitlariGosterRequest.swift in Sources */ = {isa = PBXBuildFile; fileRef = 8AD827852CB4C2C800853B6F /* AniKayitlariGosterRequest.swift */; };
		8AD9C0F72CABCFB400583AB2 /* CalendarVC.swift in Sources */ = {isa = PBXBuildFile; fileRef = 8AD9C0F62CABCFB400583AB2 /* CalendarVC.swift */; };
		8AE0D3262CB2103F0061D08B /* SecurityViewController2.swift in Sources */ = {isa = PBXBuildFile; fileRef = 8AE0D3252CB2103F0061D08B /* SecurityViewController2.swift */; };
		8AE256672CB7D8F600A77FF6 /* CalendarHeaderView.swift in Sources */ = {isa = PBXBuildFile; fileRef = 8AE256662CB7D8F600A77FF6 /* CalendarHeaderView.swift */; };
		8AE4CB442CAFCE73006496CC /* DiaryEntryVC.swift in Sources */ = {isa = PBXBuildFile; fileRef = 8AE4CB432CAFCE73006496CC /* DiaryEntryVC.swift */; };
		8AE8FA152CB3A38D00F92790 /* PhotoManager.swift in Sources */ = {isa = PBXBuildFile; fileRef = 8AE8FA142CB3A38C00F92790 /* PhotoManager.swift */; };
		8AE8FA172CB3DA0800F92790 /* FotografKaydetResponse.swift in Sources */ = {isa = PBXBuildFile; fileRef = 8AE8FA162CB3DA0800F92790 /* FotografKaydetResponse.swift */; };
		8AE8FA192CB3DC6800F92790 /* FotografKaydetQuery.swift in Sources */ = {isa = PBXBuildFile; fileRef = 8AE8FA182CB3DC6800F92790 /* FotografKaydetQuery.swift */; };
		8AE8FA1B2CB3DF1200F92790 /* FotografKaydetRequest.swift in Sources */ = {isa = PBXBuildFile; fileRef = 8AE8FA1A2CB3DF1200F92790 /* FotografKaydetRequest.swift */; };
		8AE8FA1D2CB3E47800F92790 /* FotografSilQuery.swift in Sources */ = {isa = PBXBuildFile; fileRef = 8AE8FA1C2CB3E47800F92790 /* FotografSilQuery.swift */; };
		8AE8FA1F2CB3E65A00F92790 /* FotografSilResponse.swift in Sources */ = {isa = PBXBuildFile; fileRef = 8AE8FA1E2CB3E65A00F92790 /* FotografSilResponse.swift */; };
		8AE8FA212CB3E89000F92790 /* FotografSilRequest.swift in Sources */ = {isa = PBXBuildFile; fileRef = 8AE8FA202CB3E89000F92790 /* FotografSilRequest.swift */; };
		8AE8FA232CB4087A00F92790 /* AniKaydetQuery.swift in Sources */ = {isa = PBXBuildFile; fileRef = 8AE8FA222CB4087A00F92790 /* AniKaydetQuery.swift */; };
		8AE8FA252CB4096D00F92790 /* AniKaydetResponse.swift in Sources */ = {isa = PBXBuildFile; fileRef = 8AE8FA242CB4096D00F92790 /* AniKaydetResponse.swift */; };
		8AE8FA272CB4098E00F92790 /* AniKaydetRequest.swift in Sources */ = {isa = PBXBuildFile; fileRef = 8AE8FA262CB4098E00F92790 /* AniKaydetRequest.swift */; };
/* End PBXBuildFile section */

/* Begin PBXContainerItemProxy section */
		8A5775492CA4889700EB22E6 /* PBXContainerItemProxy */ = {
			isa = PBXContainerItemProxy;
			containerPortal = 8A57752A2CA4889600EB22E6 /* Project object */;
			proxyType = 1;
			remoteGlobalIDString = 8A5775312CA4889600EB22E6;
			remoteInfo = deneme;
		};
		8A5775532CA4889700EB22E6 /* PBXContainerItemProxy */ = {
			isa = PBXContainerItemProxy;
			containerPortal = 8A57752A2CA4889600EB22E6 /* Project object */;
			proxyType = 1;
			remoteGlobalIDString = 8A5775312CA4889600EB22E6;
			remoteInfo = deneme;
		};
/* End PBXContainerItemProxy section */

/* Begin PBXFileReference section */
		8A1BF0192CA8F3C60011F381 /* APIServices.swift */ = {isa = PBXFileReference; lastKnownFileType = sourcecode.swift; path = APIServices.swift; sourceTree = "<group>"; };
		8A5775322CA4889600EB22E6 /* deneme.app */ = {isa = PBXFileReference; explicitFileType = wrapper.application; includeInIndex = 0; path = deneme.app; sourceTree = BUILT_PRODUCTS_DIR; };
		8A5775352CA4889600EB22E6 /* AppDelegate.swift */ = {isa = PBXFileReference; lastKnownFileType = sourcecode.swift; path = AppDelegate.swift; sourceTree = "<group>"; };
		8A5775372CA4889600EB22E6 /* SceneDelegate.swift */ = {isa = PBXFileReference; lastKnownFileType = sourcecode.swift; path = SceneDelegate.swift; sourceTree = "<group>"; };
		8A5775392CA4889600EB22E6 /* LoginVC.swift */ = {isa = PBXFileReference; lastKnownFileType = sourcecode.swift; path = LoginVC.swift; sourceTree = "<group>"; };
		8A57753C2CA4889600EB22E6 /* Base */ = {isa = PBXFileReference; lastKnownFileType = file.storyboard; name = Base; path = Base.lproj/Main.storyboard; sourceTree = "<group>"; };
		8A57753E2CA4889700EB22E6 /* Assets.xcassets */ = {isa = PBXFileReference; lastKnownFileType = folder.assetcatalog; path = Assets.xcassets; sourceTree = "<group>"; };
		8A5775412CA4889700EB22E6 /* Base */ = {isa = PBXFileReference; lastKnownFileType = file.storyboard; name = Base; path = Base.lproj/LaunchScreen.storyboard; sourceTree = "<group>"; };
		8A5775432CA4889700EB22E6 /* Info.plist */ = {isa = PBXFileReference; lastKnownFileType = text.plist.xml; path = Info.plist; sourceTree = "<group>"; };
		8A5775482CA4889700EB22E6 /* denemeTests.xctest */ = {isa = PBXFileReference; explicitFileType = wrapper.cfbundle; includeInIndex = 0; path = denemeTests.xctest; sourceTree = BUILT_PRODUCTS_DIR; };
		8A57754C2CA4889700EB22E6 /* denemeTests.swift */ = {isa = PBXFileReference; lastKnownFileType = sourcecode.swift; path = denemeTests.swift; sourceTree = "<group>"; };
		8A5775522CA4889700EB22E6 /* denemeUITests.xctest */ = {isa = PBXFileReference; explicitFileType = wrapper.cfbundle; includeInIndex = 0; path = denemeUITests.xctest; sourceTree = BUILT_PRODUCTS_DIR; };
		8A5775562CA4889700EB22E6 /* denemeUITests.swift */ = {isa = PBXFileReference; lastKnownFileType = sourcecode.swift; path = denemeUITests.swift; sourceTree = "<group>"; };
		8A5775582CA4889700EB22E6 /* denemeUITestsLaunchTests.swift */ = {isa = PBXFileReference; lastKnownFileType = sourcecode.swift; path = denemeUITestsLaunchTests.swift; sourceTree = "<group>"; };
		8A8D3FA42CBEDEA200074896 /* CoffeeDailyStatusView.swift */ = {isa = PBXFileReference; lastKnownFileType = sourcecode.swift; path = CoffeeDailyStatusView.swift; sourceTree = "<group>"; };
		8ABDF3A82CC26F8000404799 /* MoodSelectionView.swift */ = {isa = PBXFileReference; lastKnownFileType = sourcecode.swift; path = MoodSelectionView.swift; sourceTree = "<group>"; };
		8AC200672CB91E8D00F4C8ED /* CoffeePicker.swift */ = {isa = PBXFileReference; lastKnownFileType = sourcecode.swift; path = CoffeePicker.swift; sourceTree = "<group>"; };
		8AC2FA002CC38D27006291A5 /* AnalysisDetailVC.swift */ = {isa = PBXFileReference; lastKnownFileType = sourcecode.swift; path = AnalysisDetailVC.swift; sourceTree = "<group>"; };
		8AC2FA022CC3C17B006291A5 /* SortByView.swift */ = {isa = PBXFileReference; lastKnownFileType = sourcecode.swift; path = SortByView.swift; sourceTree = "<group>"; };
		8AC2FA062CC3D7E3006291A5 /* CoffeeAnalysisDetailTableView.swift */ = {isa = PBXFileReference; lastKnownFileType = sourcecode.swift; path = CoffeeAnalysisDetailTableView.swift; sourceTree = "<group>"; };
		8AC2FA092CC3D864006291A5 /* CoffeeAnalysisDetailCell.swift */ = {isa = PBXFileReference; lastKnownFileType = sourcecode.swift; path = CoffeeAnalysisDetailCell.swift; sourceTree = "<group>"; };
		8AC9BFA62CBF462D00D4992A /* MoodStatusView.swift */ = {isa = PBXFileReference; lastKnownFileType = sourcecode.swift; path = MoodStatusView.swift; sourceTree = "<group>"; };
		8AD0464D2CB1817D00A1D1CF /* SecurityViewController.swift */ = {isa = PBXFileReference; lastKnownFileType = sourcecode.swift; path = SecurityViewController.swift; sourceTree = "<group>"; };
		8AD3435A2CBF9A2C00883493 /* MomentStatusView.swift */ = {isa = PBXFileReference; lastKnownFileType = sourcecode.swift; path = MomentStatusView.swift; sourceTree = "<group>"; };
		8AD3435C2CBFA78200883493 /* CoffeeStatusView.swift */ = {isa = PBXFileReference; lastKnownFileType = sourcecode.swift; path = CoffeeStatusView.swift; sourceTree = "<group>"; };
		8AD3435E2CBFAA2E00883493 /* CoffeeStatusByMood.swift */ = {isa = PBXFileReference; lastKnownFileType = sourcecode.swift; path = CoffeeStatusByMood.swift; sourceTree = "<group>"; };
		8AD3E1CB2CAF6ED0006E54F9 /* DiaryEntryCell.swift */ = {isa = PBXFileReference; lastKnownFileType = sourcecode.swift; path = DiaryEntryCell.swift; sourceTree = "<group>"; };
		8AD4780E2CC4ED16008ECCB2 /* CustomTabBar.swift */ = {isa = PBXFileReference; lastKnownFileType = sourcecode.swift; path = CustomTabBar.swift; sourceTree = "<group>"; };
		8AD478102CC4ED3B008ECCB2 /* CustomTabBarController.swift */ = {isa = PBXFileReference; lastKnownFileType = sourcecode.swift; path = CustomTabBarController.swift; sourceTree = "<group>"; };
		8AD478122CC4F25C008ECCB2 /* StoreVC.swift */ = {isa = PBXFileReference; lastKnownFileType = sourcecode.swift; path = StoreVC.swift; sourceTree = "<group>"; };
		8AD478142CC4F28F008ECCB2 /* ProfileVC.swift */ = {isa = PBXFileReference; lastKnownFileType = sourcecode.swift; path = ProfileVC.swift; sourceTree = "<group>"; };
		8AD6AE492CBBFC08000D0BEF /* AnalysisVC.swift */ = {isa = PBXFileReference; lastKnownFileType = sourcecode.swift; path = AnalysisVC.swift; sourceTree = "<group>"; };
		8AD6AE4B2CBC069E000D0BEF /* Charts.framework */ = {isa = PBXFileReference; lastKnownFileType = wrapper.framework; name = Charts.framework; path = System/Library/Frameworks/Charts.framework; sourceTree = SDKROOT; };
		8AD827812CB4BFAE00853B6F /* AniKayitlariGosterQuery.swift */ = {isa = PBXFileReference; lastKnownFileType = sourcecode.swift; path = AniKayitlariGosterQuery.swift; sourceTree = "<group>"; };
		8AD827832CB4C06000853B6F /* AniKayitlariGosterResponse.swift */ = {isa = PBXFileReference; lastKnownFileType = sourcecode.swift; path = AniKayitlariGosterResponse.swift; sourceTree = "<group>"; };
		8AD827852CB4C2C800853B6F /* AniKayitlariGosterRequest.swift */ = {isa = PBXFileReference; lastKnownFileType = sourcecode.swift; path = AniKayitlariGosterRequest.swift; sourceTree = "<group>"; };
		8AD9C0F62CABCFB400583AB2 /* CalendarVC.swift */ = {isa = PBXFileReference; lastKnownFileType = sourcecode.swift; path = CalendarVC.swift; sourceTree = "<group>"; };
		8AE0D3252CB2103F0061D08B /* SecurityViewController2.swift */ = {isa = PBXFileReference; lastKnownFileType = sourcecode.swift; path = SecurityViewController2.swift; sourceTree = "<group>"; };
		8AE256662CB7D8F600A77FF6 /* CalendarHeaderView.swift */ = {isa = PBXFileReference; lastKnownFileType = sourcecode.swift; path = CalendarHeaderView.swift; sourceTree = "<group>"; };
		8AE256682CB7DC4D00A77FF6 /* MoodViewController.swift */ = {isa = PBXFileReference; lastKnownFileType = sourcecode.swift; path = MoodViewController.swift; sourceTree = "<group>"; };
		8AE4CB432CAFCE73006496CC /* DiaryEntryVC.swift */ = {isa = PBXFileReference; lastKnownFileType = sourcecode.swift; path = DiaryEntryVC.swift; sourceTree = "<group>"; };
		8AE8FA142CB3A38C00F92790 /* PhotoManager.swift */ = {isa = PBXFileReference; lastKnownFileType = sourcecode.swift; path = PhotoManager.swift; sourceTree = "<group>"; };
		8AE8FA162CB3DA0800F92790 /* FotografKaydetResponse.swift */ = {isa = PBXFileReference; lastKnownFileType = sourcecode.swift; path = FotografKaydetResponse.swift; sourceTree = "<group>"; };
		8AE8FA182CB3DC6800F92790 /* FotografKaydetQuery.swift */ = {isa = PBXFileReference; lastKnownFileType = sourcecode.swift; path = FotografKaydetQuery.swift; sourceTree = "<group>"; };
		8AE8FA1A2CB3DF1200F92790 /* FotografKaydetRequest.swift */ = {isa = PBXFileReference; lastKnownFileType = sourcecode.swift; path = FotografKaydetRequest.swift; sourceTree = "<group>"; };
		8AE8FA1C2CB3E47800F92790 /* FotografSilQuery.swift */ = {isa = PBXFileReference; lastKnownFileType = sourcecode.swift; path = FotografSilQuery.swift; sourceTree = "<group>"; };
		8AE8FA1E2CB3E65A00F92790 /* FotografSilResponse.swift */ = {isa = PBXFileReference; lastKnownFileType = sourcecode.swift; path = FotografSilResponse.swift; sourceTree = "<group>"; };
		8AE8FA202CB3E89000F92790 /* FotografSilRequest.swift */ = {isa = PBXFileReference; lastKnownFileType = sourcecode.swift; path = FotografSilRequest.swift; sourceTree = "<group>"; };
		8AE8FA222CB4087A00F92790 /* AniKaydetQuery.swift */ = {isa = PBXFileReference; lastKnownFileType = sourcecode.swift; path = AniKaydetQuery.swift; sourceTree = "<group>"; };
		8AE8FA242CB4096D00F92790 /* AniKaydetResponse.swift */ = {isa = PBXFileReference; lastKnownFileType = sourcecode.swift; path = AniKaydetResponse.swift; sourceTree = "<group>"; };
		8AE8FA262CB4098E00F92790 /* AniKaydetRequest.swift */ = {isa = PBXFileReference; lastKnownFileType = sourcecode.swift; path = AniKaydetRequest.swift; sourceTree = "<group>"; };
/* End PBXFileReference section */

/* Begin PBXFrameworksBuildPhase section */
		8A57752F2CA4889600EB22E6 /* Frameworks */ = {
			isa = PBXFrameworksBuildPhase;
			buildActionMask = 2147483647;
			files = (
				8A1BF01D2CA8F4060011F381 /* Alamofire in Frameworks */,
				8AD6AE4D2CBC06FC000D0BEF /* Charts.framework in Frameworks */,
			);
			runOnlyForDeploymentPostprocessing = 0;
		};
		8A5775452CA4889700EB22E6 /* Frameworks */ = {
			isa = PBXFrameworksBuildPhase;
			buildActionMask = 2147483647;
			files = (
			);
			runOnlyForDeploymentPostprocessing = 0;
		};
		8A57754F2CA4889700EB22E6 /* Frameworks */ = {
			isa = PBXFrameworksBuildPhase;
			buildActionMask = 2147483647;
			files = (
			);
			runOnlyForDeploymentPostprocessing = 0;
		};
/* End PBXFrameworksBuildPhase section */

/* Begin PBXGroup section */
		8A1BF00E2CA8E91D0011F381 /* ViewController */ = {
			isa = PBXGroup;
			children = (
				8A5775392CA4889600EB22E6 /* LoginVC.swift */,
				8AD0464D2CB1817D00A1D1CF /* SecurityViewController.swift */,
				8AE0D3252CB2103F0061D08B /* SecurityViewController2.swift */,
				8AD9C0F62CABCFB400583AB2 /* CalendarVC.swift */,
				8AE4CB432CAFCE73006496CC /* DiaryEntryVC.swift */,
				8AD478122CC4F25C008ECCB2 /* StoreVC.swift */,
				8AD6AE492CBBFC08000D0BEF /* AnalysisVC.swift */,
				8AC2FA002CC38D27006291A5 /* AnalysisDetailVC.swift */,
				8AD478142CC4F28F008ECCB2 /* ProfileVC.swift */,
			);
			path = ViewController;
			sourceTree = "<group>";
		};
		8A1BF00F2CA8E92D0011F381 /* Responses */ = {
			isa = PBXGroup;
			children = (
				8AE8FA162CB3DA0800F92790 /* FotografKaydetResponse.swift */,
				8AE8FA1E2CB3E65A00F92790 /* FotografSilResponse.swift */,
				8AE8FA242CB4096D00F92790 /* AniKaydetResponse.swift */,
				8AD827832CB4C06000853B6F /* AniKayitlariGosterResponse.swift */,
			);
			path = Responses;
			sourceTree = "<group>";
		};
		8A1BF0162CA8F0040011F381 /* Queries */ = {
			isa = PBXGroup;
			children = (
				8AE8FA182CB3DC6800F92790 /* FotografKaydetQuery.swift */,
				8AE8FA1C2CB3E47800F92790 /* FotografSilQuery.swift */,
				8AE8FA222CB4087A00F92790 /* AniKaydetQuery.swift */,
				8AD827812CB4BFAE00853B6F /* AniKayitlariGosterQuery.swift */,
			);
			path = Queries;
			sourceTree = "<group>";
		};
		8A1BF0182CA8F3B40011F381 /* Network */ = {
			isa = PBXGroup;
			children = (
				8A1BF0192CA8F3C60011F381 /* APIServices.swift */,
			);
			path = Network;
			sourceTree = "<group>";
		};
		8A1BF01B2CA8F4060011F381 /* Frameworks */ = {
			isa = PBXGroup;
			children = (
				8AD6AE4B2CBC069E000D0BEF /* Charts.framework */,
			);
			name = Frameworks;
			sourceTree = "<group>";
		};
		8A5775292CA4889600EB22E6 = {
			isa = PBXGroup;
			children = (
				8A5775342CA4889600EB22E6 /* deneme */,
				8A57754B2CA4889700EB22E6 /* denemeTests */,
				8A5775552CA4889700EB22E6 /* denemeUITests */,
				8A5775332CA4889600EB22E6 /* Products */,
				8A1BF01B2CA8F4060011F381 /* Frameworks */,
			);
			sourceTree = "<group>";
		};
		8A5775332CA4889600EB22E6 /* Products */ = {
			isa = PBXGroup;
			children = (
				8A5775322CA4889600EB22E6 /* deneme.app */,
				8A5775482CA4889700EB22E6 /* denemeTests.xctest */,
				8A5775522CA4889700EB22E6 /* denemeUITests.xctest */,
			);
			name = Products;
			sourceTree = "<group>";
		};
		8A5775342CA4889600EB22E6 /* deneme */ = {
			isa = PBXGroup;
			children = (
				8A1BF0182CA8F3B40011F381 /* Network */,
				8A1BF0162CA8F0040011F381 /* Queries */,
				8AE647612CA93A4C004A1B43 /* Request */,
				8A1BF00F2CA8E92D0011F381 /* Responses */,
				8A1BF00E2CA8E91D0011F381 /* ViewController */,
				8A8D3FA32CBEDE8A00074896 /* View */,
				8AC2FA052CC3D72E006291A5 /* ListViews */,
				8AE6476A2CA96BB6004A1B43 /* Cell */,
				8AC2F9FF2CC38CF2006291A5 /* Helpers */,
				8AD4780D2CC4EC06008ECCB2 /* CustomComponents */,
				8A5775372CA4889600EB22E6 /* SceneDelegate.swift */,
				8A5775352CA4889600EB22E6 /* AppDelegate.swift */,
				8A57753B2CA4889600EB22E6 /* Main.storyboard */,
				8A57753E2CA4889700EB22E6 /* Assets.xcassets */,
				8A5775402CA4889700EB22E6 /* LaunchScreen.storyboard */,
				8A5775432CA4889700EB22E6 /* Info.plist */,
			);
			path = deneme;
			sourceTree = "<group>";
		};
		8A57754B2CA4889700EB22E6 /* denemeTests */ = {
			isa = PBXGroup;
			children = (
				8A57754C2CA4889700EB22E6 /* denemeTests.swift */,
			);
			path = denemeTests;
			sourceTree = "<group>";
		};
		8A5775552CA4889700EB22E6 /* denemeUITests */ = {
			isa = PBXGroup;
			children = (
				8A5775562CA4889700EB22E6 /* denemeUITests.swift */,
				8A5775582CA4889700EB22E6 /* denemeUITestsLaunchTests.swift */,
			);
			path = denemeUITests;
			sourceTree = "<group>";
		};
		8A8D3FA32CBEDE8A00074896 /* View */ = {
			isa = PBXGroup;
			children = (
				8AC2FA042CC3D71B006291A5 /* Statics */,
			);
			path = View;
			sourceTree = "<group>";
		};
		8AC2F9FF2CC38CF2006291A5 /* Helpers */ = {
			isa = PBXGroup;
			children = (
				8AE8FA142CB3A38C00F92790 /* PhotoManager.swift */,
			);
			path = Helpers;
			sourceTree = "<group>";
		};
		8AC2FA042CC3D71B006291A5 /* Statics */ = {
			isa = PBXGroup;
			children = (
				8A8D3FA42CBEDEA200074896 /* CoffeeDailyStatusView.swift */,
				8AC9BFA62CBF462D00D4992A /* MoodStatusView.swift */,
				8AD3435A2CBF9A2C00883493 /* MomentStatusView.swift */,
				8AD3435C2CBFA78200883493 /* CoffeeStatusView.swift */,
				8AD3435E2CBFAA2E00883493 /* CoffeeStatusByMood.swift */,
				8ABDF3A82CC26F8000404799 /* MoodSelectionView.swift */,
				8AC2FA022CC3C17B006291A5 /* SortByView.swift */,
			);
			path = Statics;
			sourceTree = "<group>";
		};
		8AC2FA052CC3D72E006291A5 /* ListViews */ = {
			isa = PBXGroup;
			children = (
				8AC2FA062CC3D7E3006291A5 /* CoffeeAnalysisDetailTableView.swift */,
			);
			path = ListViews;
			sourceTree = "<group>";
		};
		8AD4780D2CC4EC06008ECCB2 /* CustomComponents */ = {
			isa = PBXGroup;
			children = (
				8AD4780E2CC4ED16008ECCB2 /* CustomTabBar.swift */,
				8AD478102CC4ED3B008ECCB2 /* CustomTabBarController.swift */,
			);
			path = CustomComponents;
			sourceTree = "<group>";
		};
		8AE647612CA93A4C004A1B43 /* Request */ = {
			isa = PBXGroup;
			children = (
				8AE8FA1A2CB3DF1200F92790 /* FotografKaydetRequest.swift */,
				8AE8FA202CB3E89000F92790 /* FotografSilRequest.swift */,
				8AE8FA262CB4098E00F92790 /* AniKaydetRequest.swift */,
				8AD827852CB4C2C800853B6F /* AniKayitlariGosterRequest.swift */,
			);
			path = Request;
			sourceTree = "<group>";
		};
		8AE6476A2CA96BB6004A1B43 /* Cell */ = {
			isa = PBXGroup;
			children = (
				8AD3E1CB2CAF6ED0006E54F9 /* DiaryEntryCell.swift */,
				8AE256662CB7D8F600A77FF6 /* CalendarHeaderView.swift */,
				8AE256682CB7DC4D00A77FF6 /* MoodViewController.swift */,
				8AC200672CB91E8D00F4C8ED /* CoffeePicker.swift */,
				8AC2FA092CC3D864006291A5 /* CoffeeAnalysisDetailCell.swift */,
			);
			path = Cell;
			sourceTree = "<group>";
		};
/* End PBXGroup section */

/* Begin PBXNativeTarget section */
		8A5775312CA4889600EB22E6 /* deneme */ = {
			isa = PBXNativeTarget;
			buildConfigurationList = 8A57755C2CA4889700EB22E6 /* Build configuration list for PBXNativeTarget "deneme" */;
			buildPhases = (
				8A57752E2CA4889600EB22E6 /* Sources */,
				8A57752F2CA4889600EB22E6 /* Frameworks */,
				8A5775302CA4889600EB22E6 /* Resources */,
			);
			buildRules = (
			);
			dependencies = (
			);
			name = deneme;
			packageProductDependencies = (
				8A1BF01C2CA8F4060011F381 /* Alamofire */,
			);
			productName = deneme;
			productReference = 8A5775322CA4889600EB22E6 /* deneme.app */;
			productType = "com.apple.product-type.application";
		};
		8A5775472CA4889700EB22E6 /* denemeTests */ = {
			isa = PBXNativeTarget;
			buildConfigurationList = 8A57755F2CA4889700EB22E6 /* Build configuration list for PBXNativeTarget "denemeTests" */;
			buildPhases = (
				8A5775442CA4889700EB22E6 /* Sources */,
				8A5775452CA4889700EB22E6 /* Frameworks */,
				8A5775462CA4889700EB22E6 /* Resources */,
			);
			buildRules = (
			);
			dependencies = (
				8A57754A2CA4889700EB22E6 /* PBXTargetDependency */,
			);
			name = denemeTests;
			productName = denemeTests;
			productReference = 8A5775482CA4889700EB22E6 /* denemeTests.xctest */;
			productType = "com.apple.product-type.bundle.unit-test";
		};
		8A5775512CA4889700EB22E6 /* denemeUITests */ = {
			isa = PBXNativeTarget;
			buildConfigurationList = 8A5775622CA4889700EB22E6 /* Build configuration list for PBXNativeTarget "denemeUITests" */;
			buildPhases = (
				8A57754E2CA4889700EB22E6 /* Sources */,
				8A57754F2CA4889700EB22E6 /* Frameworks */,
				8A5775502CA4889700EB22E6 /* Resources */,
			);
			buildRules = (
			);
			dependencies = (
				8A5775542CA4889700EB22E6 /* PBXTargetDependency */,
			);
			name = denemeUITests;
			productName = denemeUITests;
			productReference = 8A5775522CA4889700EB22E6 /* denemeUITests.xctest */;
			productType = "com.apple.product-type.bundle.ui-testing";
		};
/* End PBXNativeTarget section */

/* Begin PBXProject section */
		8A57752A2CA4889600EB22E6 /* Project object */ = {
			isa = PBXProject;
			attributes = {
				BuildIndependentTargetsInParallel = 1;
				LastSwiftUpdateCheck = 1540;
				LastUpgradeCheck = 1540;
				TargetAttributes = {
					8A5775312CA4889600EB22E6 = {
						CreatedOnToolsVersion = 15.4;
					};
					8A5775472CA4889700EB22E6 = {
						CreatedOnToolsVersion = 15.4;
						TestTargetID = 8A5775312CA4889600EB22E6;
					};
					8A5775512CA4889700EB22E6 = {
						CreatedOnToolsVersion = 15.4;
						TestTargetID = 8A5775312CA4889600EB22E6;
					};
				};
			};
			buildConfigurationList = 8A57752D2CA4889600EB22E6 /* Build configuration list for PBXProject "deneme" */;
			compatibilityVersion = "Xcode 14.0";
			developmentRegion = en;
			hasScannedForEncodings = 0;
			knownRegions = (
				en,
				Base,
			);
			mainGroup = 8A5775292CA4889600EB22E6;
			packageReferences = (
				8A1BF0172CA8F3780011F381 /* XCRemoteSwiftPackageReference "Alamofire" */,
			);
			productRefGroup = 8A5775332CA4889600EB22E6 /* Products */;
			projectDirPath = "";
			projectRoot = "";
			targets = (
				8A5775312CA4889600EB22E6 /* deneme */,
				8A5775472CA4889700EB22E6 /* denemeTests */,
				8A5775512CA4889700EB22E6 /* denemeUITests */,
			);
		};
/* End PBXProject section */

/* Begin PBXResourcesBuildPhase section */
		8A5775302CA4889600EB22E6 /* Resources */ = {
			isa = PBXResourcesBuildPhase;
			buildActionMask = 2147483647;
			files = (
				8A57753F2CA4889700EB22E6 /* Assets.xcassets in Resources */,
				8A5775422CA4889700EB22E6 /* Base in Resources */,
				8A57753D2CA4889600EB22E6 /* Base in Resources */,
			);
			runOnlyForDeploymentPostprocessing = 0;
		};
		8A5775462CA4889700EB22E6 /* Resources */ = {
			isa = PBXResourcesBuildPhase;
			buildActionMask = 2147483647;
			files = (
			);
			runOnlyForDeploymentPostprocessing = 0;
		};
		8A5775502CA4889700EB22E6 /* Resources */ = {
			isa = PBXResourcesBuildPhase;
			buildActionMask = 2147483647;
			files = (
			);
			runOnlyForDeploymentPostprocessing = 0;
		};
/* End PBXResourcesBuildPhase section */

/* Begin PBXSourcesBuildPhase section */
		8A57752E2CA4889600EB22E6 /* Sources */ = {
			isa = PBXSourcesBuildPhase;
			buildActionMask = 2147483647;
			files = (
				8A57753A2CA4889600EB22E6 /* LoginVC.swift in Sources */,
				8AD827862CB4C2C800853B6F /* AniKayitlariGosterRequest.swift in Sources */,
				8AD478112CC4ED3B008ECCB2 /* CustomTabBarController.swift in Sources */,
				8AE8FA272CB4098E00F92790 /* AniKaydetRequest.swift in Sources */,
				8AE8FA1F2CB3E65A00F92790 /* FotografSilResponse.swift in Sources */,
				8AC200662CB9177B00F4C8ED /* MoodViewController.swift in Sources */,
				8AE8FA232CB4087A00F92790 /* AniKaydetQuery.swift in Sources */,
				8AD0464E2CB1817D00A1D1CF /* SecurityViewController.swift in Sources */,
				8A1BF01A2CA8F3C60011F381 /* APIServices.swift in Sources */,
				8AE0D3262CB2103F0061D08B /* SecurityViewController2.swift in Sources */,
				8AD827822CB4BFAE00853B6F /* AniKayitlariGosterQuery.swift in Sources */,
				8AC2FA012CC38D27006291A5 /* AnalysisDetailVC.swift in Sources */,
				8AE8FA192CB3DC6800F92790 /* FotografKaydetQuery.swift in Sources */,
				8AE8FA1D2CB3E47800F92790 /* FotografSilQuery.swift in Sources */,
				8AC2FA072CC3D7E3006291A5 /* CoffeeAnalysisDetailTableView.swift in Sources */,
				8A8D3FA52CBEDEA200074896 /* CoffeeDailyStatusView.swift in Sources */,
				8AD3435F2CBFAA2E00883493 /* CoffeeStatusByMood.swift in Sources */,
				8AD3435D2CBFA78200883493 /* CoffeeStatusView.swift in Sources */,
				8AD3E1CC2CAF6ED0006E54F9 /* DiaryEntryCell.swift in Sources */,
				8AE4CB442CAFCE73006496CC /* DiaryEntryVC.swift in Sources */,
				8AD478152CC4F28F008ECCB2 /* ProfileVC.swift in Sources */,
				8A5775362CA4889600EB22E6 /* AppDelegate.swift in Sources */,
				8AD478132CC4F25C008ECCB2 /* StoreVC.swift in Sources */,
				8AD9C0F72CABCFB400583AB2 /* CalendarVC.swift in Sources */,
				8AE8FA152CB3A38D00F92790 /* PhotoManager.swift in Sources */,
				8AC200682CB91E8D00F4C8ED /* CoffeePicker.swift in Sources */,
				8AE8FA172CB3DA0800F92790 /* FotografKaydetResponse.swift in Sources */,
				8AC2FA032CC3C17B006291A5 /* SortByView.swift in Sources */,
				8AD4780F2CC4ED16008ECCB2 /* CustomTabBar.swift in Sources */,
				8AE8FA1B2CB3DF1200F92790 /* FotografKaydetRequest.swift in Sources */,
				8ABDF3A92CC26F8000404799 /* MoodSelectionView.swift in Sources */,
				8AD6AE4A2CBBFC08000D0BEF /* AnalysisVC.swift in Sources */,
				8AE256672CB7D8F600A77FF6 /* CalendarHeaderView.swift in Sources */,
				8AD827842CB4C06000853B6F /* AniKayitlariGosterResponse.swift in Sources */,
				8AE8FA252CB4096D00F92790 /* AniKaydetResponse.swift in Sources */,
				8AD3435B2CBF9A2C00883493 /* MomentStatusView.swift in Sources */,
				8AC2FA0A2CC3D864006291A5 /* CoffeeAnalysisDetailCell.swift in Sources */,
				8AE8FA212CB3E89000F92790 /* FotografSilRequest.swift in Sources */,
				8A5775382CA4889600EB22E6 /* SceneDelegate.swift in Sources */,
				8AC9BFA72CBF462D00D4992A /* MoodStatusView.swift in Sources */,
			);
			runOnlyForDeploymentPostprocessing = 0;
		};
		8A5775442CA4889700EB22E6 /* Sources */ = {
			isa = PBXSourcesBuildPhase;
			buildActionMask = 2147483647;
			files = (
				8A57754D2CA4889700EB22E6 /* denemeTests.swift in Sources */,
			);
			runOnlyForDeploymentPostprocessing = 0;
		};
		8A57754E2CA4889700EB22E6 /* Sources */ = {
			isa = PBXSourcesBuildPhase;
			buildActionMask = 2147483647;
			files = (
				8A5775592CA4889700EB22E6 /* denemeUITestsLaunchTests.swift in Sources */,
				8A5775572CA4889700EB22E6 /* denemeUITests.swift in Sources */,
			);
			runOnlyForDeploymentPostprocessing = 0;
		};
/* End PBXSourcesBuildPhase section */

/* Begin PBXTargetDependency section */
		8A57754A2CA4889700EB22E6 /* PBXTargetDependency */ = {
			isa = PBXTargetDependency;
			target = 8A5775312CA4889600EB22E6 /* deneme */;
			targetProxy = 8A5775492CA4889700EB22E6 /* PBXContainerItemProxy */;
		};
		8A5775542CA4889700EB22E6 /* PBXTargetDependency */ = {
			isa = PBXTargetDependency;
			target = 8A5775312CA4889600EB22E6 /* deneme */;
			targetProxy = 8A5775532CA4889700EB22E6 /* PBXContainerItemProxy */;
		};
/* End PBXTargetDependency section */

/* Begin PBXVariantGroup section */
		8A57753B2CA4889600EB22E6 /* Main.storyboard */ = {
			isa = PBXVariantGroup;
			children = (
				8A57753C2CA4889600EB22E6 /* Base */,
			);
			name = Main.storyboard;
			sourceTree = "<group>";
		};
		8A5775402CA4889700EB22E6 /* LaunchScreen.storyboard */ = {
			isa = PBXVariantGroup;
			children = (
				8A5775412CA4889700EB22E6 /* Base */,
			);
			name = LaunchScreen.storyboard;
			sourceTree = "<group>";
		};
/* End PBXVariantGroup section */

/* Begin XCBuildConfiguration section */
		8A57755A2CA4889700EB22E6 /* Debug */ = {
			isa = XCBuildConfiguration;
			buildSettings = {
				ALWAYS_SEARCH_USER_PATHS = NO;
				ASSETCATALOG_COMPILER_GENERATE_SWIFT_ASSET_SYMBOL_EXTENSIONS = YES;
				CLANG_ANALYZER_NONNULL = YES;
				CLANG_ANALYZER_NUMBER_OBJECT_CONVERSION = YES_AGGRESSIVE;
				CLANG_CXX_LANGUAGE_STANDARD = "gnu++20";
				CLANG_ENABLE_MODULES = YES;
				CLANG_ENABLE_OBJC_ARC = YES;
				CLANG_ENABLE_OBJC_WEAK = YES;
				CLANG_WARN_BLOCK_CAPTURE_AUTORELEASING = YES;
				CLANG_WARN_BOOL_CONVERSION = YES;
				CLANG_WARN_COMMA = YES;
				CLANG_WARN_CONSTANT_CONVERSION = YES;
				CLANG_WARN_DEPRECATED_OBJC_IMPLEMENTATIONS = YES;
				CLANG_WARN_DIRECT_OBJC_ISA_USAGE = YES_ERROR;
				CLANG_WARN_DOCUMENTATION_COMMENTS = YES;
				CLANG_WARN_EMPTY_BODY = YES;
				CLANG_WARN_ENUM_CONVERSION = YES;
				CLANG_WARN_INFINITE_RECURSION = YES;
				CLANG_WARN_INT_CONVERSION = YES;
				CLANG_WARN_NON_LITERAL_NULL_CONVERSION = YES;
				CLANG_WARN_OBJC_IMPLICIT_RETAIN_SELF = YES;
				CLANG_WARN_OBJC_LITERAL_CONVERSION = YES;
				CLANG_WARN_OBJC_ROOT_CLASS = YES_ERROR;
				CLANG_WARN_QUOTED_INCLUDE_IN_FRAMEWORK_HEADER = YES;
				CLANG_WARN_RANGE_LOOP_ANALYSIS = YES;
				CLANG_WARN_STRICT_PROTOTYPES = YES;
				CLANG_WARN_SUSPICIOUS_MOVE = YES;
				CLANG_WARN_UNGUARDED_AVAILABILITY = YES_AGGRESSIVE;
				CLANG_WARN_UNREACHABLE_CODE = YES;
				CLANG_WARN__DUPLICATE_METHOD_MATCH = YES;
				COPY_PHASE_STRIP = NO;
				DEBUG_INFORMATION_FORMAT = dwarf;
				ENABLE_STRICT_OBJC_MSGSEND = YES;
				ENABLE_TESTABILITY = YES;
				ENABLE_USER_SCRIPT_SANDBOXING = YES;
				GCC_C_LANGUAGE_STANDARD = gnu17;
				GCC_DYNAMIC_NO_PIC = NO;
				GCC_NO_COMMON_BLOCKS = YES;
				GCC_OPTIMIZATION_LEVEL = 0;
				GCC_PREPROCESSOR_DEFINITIONS = (
					"DEBUG=1",
					"$(inherited)",
				);
				GCC_WARN_64_TO_32_BIT_CONVERSION = YES;
				GCC_WARN_ABOUT_RETURN_TYPE = YES_ERROR;
				GCC_WARN_UNDECLARED_SELECTOR = YES;
				GCC_WARN_UNINITIALIZED_AUTOS = YES_AGGRESSIVE;
				GCC_WARN_UNUSED_FUNCTION = YES;
				GCC_WARN_UNUSED_VARIABLE = YES;
				IPHONEOS_DEPLOYMENT_TARGET = 17.5;
				LOCALIZATION_PREFERS_STRING_CATALOGS = YES;
				MTL_ENABLE_DEBUG_INFO = INCLUDE_SOURCE;
				MTL_FAST_MATH = YES;
				ONLY_ACTIVE_ARCH = YES;
				SDKROOT = iphoneos;
				SWIFT_ACTIVE_COMPILATION_CONDITIONS = "DEBUG $(inherited)";
				SWIFT_OPTIMIZATION_LEVEL = "-Onone";
			};
			name = Debug;
		};
		8A57755B2CA4889700EB22E6 /* Release */ = {
			isa = XCBuildConfiguration;
			buildSettings = {
				ALWAYS_SEARCH_USER_PATHS = NO;
				ASSETCATALOG_COMPILER_GENERATE_SWIFT_ASSET_SYMBOL_EXTENSIONS = YES;
				CLANG_ANALYZER_NONNULL = YES;
				CLANG_ANALYZER_NUMBER_OBJECT_CONVERSION = YES_AGGRESSIVE;
				CLANG_CXX_LANGUAGE_STANDARD = "gnu++20";
				CLANG_ENABLE_MODULES = YES;
				CLANG_ENABLE_OBJC_ARC = YES;
				CLANG_ENABLE_OBJC_WEAK = YES;
				CLANG_WARN_BLOCK_CAPTURE_AUTORELEASING = YES;
				CLANG_WARN_BOOL_CONVERSION = YES;
				CLANG_WARN_COMMA = YES;
				CLANG_WARN_CONSTANT_CONVERSION = YES;
				CLANG_WARN_DEPRECATED_OBJC_IMPLEMENTATIONS = YES;
				CLANG_WARN_DIRECT_OBJC_ISA_USAGE = YES_ERROR;
				CLANG_WARN_DOCUMENTATION_COMMENTS = YES;
				CLANG_WARN_EMPTY_BODY = YES;
				CLANG_WARN_ENUM_CONVERSION = YES;
				CLANG_WARN_INFINITE_RECURSION = YES;
				CLANG_WARN_INT_CONVERSION = YES;
				CLANG_WARN_NON_LITERAL_NULL_CONVERSION = YES;
				CLANG_WARN_OBJC_IMPLICIT_RETAIN_SELF = YES;
				CLANG_WARN_OBJC_LITERAL_CONVERSION = YES;
				CLANG_WARN_OBJC_ROOT_CLASS = YES_ERROR;
				CLANG_WARN_QUOTED_INCLUDE_IN_FRAMEWORK_HEADER = YES;
				CLANG_WARN_RANGE_LOOP_ANALYSIS = YES;
				CLANG_WARN_STRICT_PROTOTYPES = YES;
				CLANG_WARN_SUSPICIOUS_MOVE = YES;
				CLANG_WARN_UNGUARDED_AVAILABILITY = YES_AGGRESSIVE;
				CLANG_WARN_UNREACHABLE_CODE = YES;
				CLANG_WARN__DUPLICATE_METHOD_MATCH = YES;
				COPY_PHASE_STRIP = NO;
				DEBUG_INFORMATION_FORMAT = "dwarf-with-dsym";
				ENABLE_NS_ASSERTIONS = NO;
				ENABLE_STRICT_OBJC_MSGSEND = YES;
				ENABLE_USER_SCRIPT_SANDBOXING = YES;
				GCC_C_LANGUAGE_STANDARD = gnu17;
				GCC_NO_COMMON_BLOCKS = YES;
				GCC_WARN_64_TO_32_BIT_CONVERSION = YES;
				GCC_WARN_ABOUT_RETURN_TYPE = YES_ERROR;
				GCC_WARN_UNDECLARED_SELECTOR = YES;
				GCC_WARN_UNINITIALIZED_AUTOS = YES_AGGRESSIVE;
				GCC_WARN_UNUSED_FUNCTION = YES;
				GCC_WARN_UNUSED_VARIABLE = YES;
				IPHONEOS_DEPLOYMENT_TARGET = 17.5;
				LOCALIZATION_PREFERS_STRING_CATALOGS = YES;
				MTL_ENABLE_DEBUG_INFO = NO;
				MTL_FAST_MATH = YES;
				SDKROOT = iphoneos;
				SWIFT_COMPILATION_MODE = wholemodule;
				VALIDATE_PRODUCT = YES;
			};
			name = Release;
		};
		8A57755D2CA4889700EB22E6 /* Debug */ = {
			isa = XCBuildConfiguration;
			buildSettings = {
				ASSETCATALOG_COMPILER_APPICON_NAME = AppIcon;
				ASSETCATALOG_COMPILER_GLOBAL_ACCENT_COLOR_NAME = AccentColor;
				CODE_SIGN_IDENTITY = "Apple Development";
				CODE_SIGN_STYLE = Automatic;
				CURRENT_PROJECT_VERSION = 1;
				DEVELOPMENT_TEAM = BK684M8A29;
				GENERATE_INFOPLIST_FILE = YES;
				INFOPLIST_FILE = deneme/Info.plist;
				INFOPLIST_KEY_NSCameraUsageDescription = "Uygulamamız fotoğraf çekebilmek için kameranızı kullanır.";
				INFOPLIST_KEY_UIApplicationSupportsIndirectInputEvents = YES;
				INFOPLIST_KEY_UILaunchStoryboardName = LaunchScreen;
				INFOPLIST_KEY_UIMainStoryboardFile = Main;
				INFOPLIST_KEY_UISupportedInterfaceOrientations_iPad = "UIInterfaceOrientationPortrait UIInterfaceOrientationPortraitUpsideDown UIInterfaceOrientationLandscapeLeft UIInterfaceOrientationLandscapeRight";
				INFOPLIST_KEY_UISupportedInterfaceOrientations_iPhone = "UIInterfaceOrientationPortrait UIInterfaceOrientationLandscapeLeft UIInterfaceOrientationLandscapeRight";
				LD_RUNPATH_SEARCH_PATHS = (
					"$(inherited)",
					"@executable_path/Frameworks",
				);
				MARKETING_VERSION = 1.0;
				PRODUCT_BUNDLE_IDENTIFIER = test2.deneme;
				PRODUCT_NAME = "$(TARGET_NAME)";
				PROVISIONING_PROFILE_SPECIFIER = "";
				SWIFT_EMIT_LOC_STRINGS = YES;
				SWIFT_VERSION = 5.0;
				TARGETED_DEVICE_FAMILY = "1,2";
			};
			name = Debug;
		};
		8A57755E2CA4889700EB22E6 /* Release */ = {
			isa = XCBuildConfiguration;
			buildSettings = {
				ASSETCATALOG_COMPILER_APPICON_NAME = AppIcon;
				ASSETCATALOG_COMPILER_GLOBAL_ACCENT_COLOR_NAME = AccentColor;
				CODE_SIGN_IDENTITY = "Apple Development";
				CODE_SIGN_STYLE = Automatic;
				CURRENT_PROJECT_VERSION = 1;
				DEVELOPMENT_TEAM = BK684M8A29;
				GENERATE_INFOPLIST_FILE = YES;
				INFOPLIST_FILE = deneme/Info.plist;
				INFOPLIST_KEY_NSCameraUsageDescription = "Uygulamamız fotoğraf çekebilmek için kameranızı kullanır.";
				INFOPLIST_KEY_UIApplicationSupportsIndirectInputEvents = YES;
				INFOPLIST_KEY_UILaunchStoryboardName = LaunchScreen;
				INFOPLIST_KEY_UIMainStoryboardFile = Main;
				INFOPLIST_KEY_UISupportedInterfaceOrientations_iPad = "UIInterfaceOrientationPortrait UIInterfaceOrientationPortraitUpsideDown UIInterfaceOrientationLandscapeLeft UIInterfaceOrientationLandscapeRight";
				INFOPLIST_KEY_UISupportedInterfaceOrientations_iPhone = "UIInterfaceOrientationPortrait UIInterfaceOrientationLandscapeLeft UIInterfaceOrientationLandscapeRight";
				LD_RUNPATH_SEARCH_PATHS = (
					"$(inherited)",
					"@executable_path/Frameworks",
				);
				MARKETING_VERSION = 1.0;
				PRODUCT_BUNDLE_IDENTIFIER = test2.deneme;
				PRODUCT_NAME = "$(TARGET_NAME)";
				PROVISIONING_PROFILE_SPECIFIER = "";
				SWIFT_EMIT_LOC_STRINGS = YES;
				SWIFT_VERSION = 5.0;
				TARGETED_DEVICE_FAMILY = "1,2";
			};
			name = Release;
		};
		8A5775602CA4889700EB22E6 /* Debug */ = {
			isa = XCBuildConfiguration;
			buildSettings = {
				ALWAYS_EMBED_SWIFT_STANDARD_LIBRARIES = YES;
				BUNDLE_LOADER = "$(TEST_HOST)";
				CODE_SIGN_STYLE = Automatic;
				CURRENT_PROJECT_VERSION = 1;
				GENERATE_INFOPLIST_FILE = YES;
				IPHONEOS_DEPLOYMENT_TARGET = 17.5;
				MARKETING_VERSION = 1.0;
				PRODUCT_BUNDLE_IDENTIFIER = test2.denemeTests;
				PRODUCT_NAME = "$(TARGET_NAME)";
				SWIFT_EMIT_LOC_STRINGS = NO;
				SWIFT_VERSION = 5.0;
				TARGETED_DEVICE_FAMILY = "1,2";
				TEST_HOST = "$(BUILT_PRODUCTS_DIR)/deneme.app/$(BUNDLE_EXECUTABLE_FOLDER_PATH)/deneme";
			};
			name = Debug;
		};
		8A5775612CA4889700EB22E6 /* Release */ = {
			isa = XCBuildConfiguration;
			buildSettings = {
				ALWAYS_EMBED_SWIFT_STANDARD_LIBRARIES = YES;
				BUNDLE_LOADER = "$(TEST_HOST)";
				CODE_SIGN_STYLE = Automatic;
				CURRENT_PROJECT_VERSION = 1;
				GENERATE_INFOPLIST_FILE = YES;
				IPHONEOS_DEPLOYMENT_TARGET = 17.5;
				MARKETING_VERSION = 1.0;
				PRODUCT_BUNDLE_IDENTIFIER = test2.denemeTests;
				PRODUCT_NAME = "$(TARGET_NAME)";
				SWIFT_EMIT_LOC_STRINGS = NO;
				SWIFT_VERSION = 5.0;
				TARGETED_DEVICE_FAMILY = "1,2";
				TEST_HOST = "$(BUILT_PRODUCTS_DIR)/deneme.app/$(BUNDLE_EXECUTABLE_FOLDER_PATH)/deneme";
			};
			name = Release;
		};
		8A5775632CA4889700EB22E6 /* Debug */ = {
			isa = XCBuildConfiguration;
			buildSettings = {
				ALWAYS_EMBED_SWIFT_STANDARD_LIBRARIES = YES;
				CODE_SIGN_STYLE = Automatic;
				CURRENT_PROJECT_VERSION = 1;
				GENERATE_INFOPLIST_FILE = YES;
				MARKETING_VERSION = 1.0;
				PRODUCT_BUNDLE_IDENTIFIER = test2.denemeUITests;
				PRODUCT_NAME = "$(TARGET_NAME)";
				SWIFT_EMIT_LOC_STRINGS = NO;
				SWIFT_VERSION = 5.0;
				TARGETED_DEVICE_FAMILY = "1,2";
				TEST_TARGET_NAME = deneme;
			};
			name = Debug;
		};
		8A5775642CA4889700EB22E6 /* Release */ = {
			isa = XCBuildConfiguration;
			buildSettings = {
				ALWAYS_EMBED_SWIFT_STANDARD_LIBRARIES = YES;
				CODE_SIGN_STYLE = Automatic;
				CURRENT_PROJECT_VERSION = 1;
				GENERATE_INFOPLIST_FILE = YES;
				MARKETING_VERSION = 1.0;
				PRODUCT_BUNDLE_IDENTIFIER = test2.denemeUITests;
				PRODUCT_NAME = "$(TARGET_NAME)";
				SWIFT_EMIT_LOC_STRINGS = NO;
				SWIFT_VERSION = 5.0;
				TARGETED_DEVICE_FAMILY = "1,2";
				TEST_TARGET_NAME = deneme;
			};
			name = Release;
		};
/* End XCBuildConfiguration section */

/* Begin XCConfigurationList section */
		8A57752D2CA4889600EB22E6 /* Build configuration list for PBXProject "deneme" */ = {
			isa = XCConfigurationList;
			buildConfigurations = (
				8A57755A2CA4889700EB22E6 /* Debug */,
				8A57755B2CA4889700EB22E6 /* Release */,
			);
			defaultConfigurationIsVisible = 0;
			defaultConfigurationName = Release;
		};
		8A57755C2CA4889700EB22E6 /* Build configuration list for PBXNativeTarget "deneme" */ = {
			isa = XCConfigurationList;
			buildConfigurations = (
				8A57755D2CA4889700EB22E6 /* Debug */,
				8A57755E2CA4889700EB22E6 /* Release */,
			);
			defaultConfigurationIsVisible = 0;
			defaultConfigurationName = Release;
		};
		8A57755F2CA4889700EB22E6 /* Build configuration list for PBXNativeTarget "denemeTests" */ = {
			isa = XCConfigurationList;
			buildConfigurations = (
				8A5775602CA4889700EB22E6 /* Debug */,
				8A5775612CA4889700EB22E6 /* Release */,
			);
			defaultConfigurationIsVisible = 0;
			defaultConfigurationName = Release;
		};
		8A5775622CA4889700EB22E6 /* Build configuration list for PBXNativeTarget "denemeUITests" */ = {
			isa = XCConfigurationList;
			buildConfigurations = (
				8A5775632CA4889700EB22E6 /* Debug */,
				8A5775642CA4889700EB22E6 /* Release */,
			);
			defaultConfigurationIsVisible = 0;
			defaultConfigurationName = Release;
		};
/* End XCConfigurationList section */

/* Begin XCRemoteSwiftPackageReference section */
		8A1BF0172CA8F3780011F381 /* XCRemoteSwiftPackageReference "Alamofire" */ = {
			isa = XCRemoteSwiftPackageReference;
			repositoryURL = "https://github.com/Alamofire/Alamofire.git";
			requirement = {
				kind = upToNextMajorVersion;
				minimumVersion = 5.9.1;
			};
		};
/* End XCRemoteSwiftPackageReference section */

/* Begin XCSwiftPackageProductDependency section */
		8A1BF01C2CA8F4060011F381 /* Alamofire */ = {
			isa = XCSwiftPackageProductDependency;
			package = 8A1BF0172CA8F3780011F381 /* XCRemoteSwiftPackageReference "Alamofire" */;
			productName = Alamofire;
		};
/* End XCSwiftPackageProductDependency section */
	};
	rootObject = 8A57752A2CA4889600EB22E6 /* Project object */;
}
